# Generated by pub
# See https://dart.dev/tools/pub/glossary#lockfile
packages:
  l_cli:
    dependency: "direct main"
    description:
      name: l_cli
      url: "https://pub.dartlang.org"
    source: hosted
    version: "1.0.1"
  path:
    dependency: "direct main"
    description:
      name: path
      url: "https://pub.dartlang.org"
    source: hosted
    version: "1.6.4"
sdks:
  dart: ">=2.7.0 <3.0.0"
